
Microsoft Visual Studio Solution File, Format Version 12.00
# Visual Studio 2012
Project("{FAE04EC0-301F-11D3-BF4B-00C04F79EFBC}") = "Almirante.Engine", "Almirante.Engine\Almirante.Engine.csproj", "{36078C0C-9762-4D98-8A61-FD6CFA41A5A6}"
EndProject
Project("{FAE04EC0-301F-11D3-BF4B-00C04F79EFBC}") = "Almirante.Pipeline", "Almirante.Pipeline\Almirante.Pipeline.csproj", "{DEC09BBB-F8AD-4C92-8B9D-32C60A0804F4}"
EndProject
Project("{2150E333-8FDC-42A3-9474-1A3956D46DE8}") = "Engine", "Engine", "{E3645545-2846-4AD4-832D-0F9FB416D017}"
EndProject
Project("{2150E333-8FDC-42A3-9474-1A3956D46DE8}") = "Tests", "Tests", "{F2727DB4-0938-4EA0-8514-7247CCB5A09D}"
EndProject
Project("{FAE04EC0-301F-11D3-BF4B-00C04F79EFBC}") = "Tests.Resources", "Almirante.Tests\Tests.Resources\Tests.Resources\Tests.Resources.csproj", "{FB36620D-E492-42AB-996D-EE7C72B14BCE}"
EndProject
Project("{FAE04EC0-301F-11D3-BF4B-00C04F79EFBC}") = "Tests.ResourcesContent", "Almirante.Tests\Tests.Resources\Tests.ResourcesContent\Tests.ResourcesContent.contentproj", "{8A3DE54F-9097-4FC2-A4FF-C5D27E7C3137}"
EndProject
Project("{FAE04EC0-301F-11D3-BF4B-00C04F79EFBC}") = "Tests.Tweener", "Almirante.Tests\Tests.Tweener\Tests.Tweener\Tests.Tweener.csproj", "{F09F6760-1401-4AB2-A4AA-9BBADFC8A3E7}"
EndProject
Project("{FAE04EC0-301F-11D3-BF4B-00C04F79EFBC}") = "Tests.TweenerContent", "Almirante.Tests\Tests.Tweener\Tests.TweenerContent\Tests.TweenerContent.contentproj", "{5D8E39EB-9ACF-446D-87A1-7476AAF97D35}"
EndProject
Project("{FAE04EC0-301F-11D3-BF4B-00C04F79EFBC}") = "Tests.Inputs", "Almirante.Tests\Tests.Inputs\Tests.Inputs\Tests.Inputs.csproj", "{35505302-4810-415C-9926-EAC703B3A63A}"
EndProject
Project("{FAE04EC0-301F-11D3-BF4B-00C04F79EFBC}") = "Tests.InputsContent", "Almirante.Tests\Tests.Inputs\Tests.InputsContent\Tests.InputsContent.contentproj", "{DB187A56-D745-434E-B7CA-69A388D9C53D}"
EndProject
Project("{FAE04EC0-301F-11D3-BF4B-00C04F79EFBC}") = "Tests.Gui", "Almirante.Tests\Tests.GUI\Tests.GUI\Tests.Gui.csproj", "{FD22C70D-3327-4DBB-8E91-D5B7204E0B8D}"
EndProject
Project("{FAE04EC0-301F-11D3-BF4B-00C04F79EFBC}") = "Tests.GuiContent", "Almirante.Tests\Tests.GUI\Tests.GUIContent\Tests.GuiContent.contentproj", "{477DCFC1-01BD-4CCA-A614-776423FA02F5}"
EndProject
Project("{FAE04EC0-301F-11D3-BF4B-00C04F79EFBC}") = "Tests.Entites", "Almirante.Tests\Tests.Entites\Tests.Entites\Tests.Entites.csproj", "{E1084850-4E8D-481A-8969-2ABF598B6050}"
EndProject
Project("{FAE04EC0-301F-11D3-BF4B-00C04F79EFBC}") = "Tests.EntitesContent", "Almirante.Tests\Tests.Entites\Tests.EntitesContent\Tests.EntitesContent.contentproj", "{9DD60C3A-C1CE-4407-9BDF-1F43B7AF27E4}"
EndProject
Project("{FAE04EC0-301F-11D3-BF4B-00C04F79EFBC}") = "Tests.Fonts", "Almirante.Tests\Tests.Fonts\Tests.Fonts\Tests.Fonts.csproj", "{24EDA4BE-5FCB-4184-9C31-CC994EB407FC}"
	ProjectSection(ProjectDependencies) = postProject
		{DEC09BBB-F8AD-4C92-8B9D-32C60A0804F4} = {DEC09BBB-F8AD-4C92-8B9D-32C60A0804F4}
	EndProjectSection
EndProject
Project("{FAE04EC0-301F-11D3-BF4B-00C04F79EFBC}") = "Tests.FontsContent", "Almirante.Tests\Tests.Fonts\Tests.FontsContent\Tests.FontsContent.contentproj", "{5AC25866-D0D5-4E8E-B0F1-87CD23F8C8DE}"
EndProject
Project("{FAE04EC0-301F-11D3-BF4B-00C04F79EFBC}") = "Almirante.Entities", "Almirante.Entities\Almirante.Entities.csproj", "{E1050AD9-7BEE-49F3-8A8D-5C70BFF4FB7E}"
EndProject
Project("{FAE04EC0-301F-11D3-BF4B-00C04F79EFBC}") = "Tests.Entity", "Almirante.Tests\Tests.Entity\Tests.Entity.csproj", "{B906F9F8-DE9E-45CD-9701-AD253AFB1F8E}"
EndProject
Project("{FAE04EC0-301F-11D3-BF4B-00C04F79EFBC}") = "Tests.Scenes", "Almirante.Tests\Tests.Scenes\Tests.Scenes\Tests.Scenes.csproj", "{CEFC4FBA-1573-4512-B6D1-5E5DF8372890}"
EndProject
Project("{FAE04EC0-301F-11D3-BF4B-00C04F79EFBC}") = "Tests.ScenesContent", "Almirante.Tests\Tests.Scenes\Tests.ScenesContent\Tests.ScenesContent.contentproj", "{03E11B09-2E11-42FC-A0C2-D7483382E83A}"
EndProject
Project("{FAE04EC0-301F-11D3-BF4B-00C04F79EFBC}") = "Tests.Windows", "Almirante.Tests\Tests.Windows\Tests.Windows.csproj", "{8926F5AD-418F-420B-BE75-3713BE77EF92}"
EndProject
Project("{2150E333-8FDC-42A3-9474-1A3956D46DE8}") = "Engine Toolset", "Engine Toolset", "{B716E3C3-D6D3-4BD4-B402-536B3EAA77A7}"
EndProject
Project("{FAE04EC0-301F-11D3-BF4B-00C04F79EFBC}") = "Almirante.Editor", "Almirante.Toolset\Almirante.Editor\Almirante.Editor.csproj", "{F54345BB-E722-48D5-B7EB-805E9422541F}"
EndProject
Project("{FAE04EC0-301F-11D3-BF4B-00C04F79EFBC}") = "Almirante.Editor.Common", "Almirante.Toolset\Almirante.Editor.Common\Almirante.Editor.Common.csproj", "{CC36F056-DC0E-401E-A954-2FA57915ACC3}"
EndProject
Project("{FAE04EC0-301F-11D3-BF4B-00C04F79EFBC}") = "Almirante.Editor.Modules", "Almirante.Toolset\Almirante.Editor.Plugins\Almirante.Editor.Modules.csproj", "{B1ECE689-476A-4FCD-9478-442F7792E2EE}"
EndProject
Project("{FAE04EC0-301F-11D3-BF4B-00C04F79EFBC}") = "Almirante.Network", "Almirante.Network\Almirante.Network.csproj", "{F9036005-E1BE-40CE-A10E-7E64E332979C}"
EndProject
Project("{2150E333-8FDC-42A3-9474-1A3956D46DE8}") = "Engine", "Engine", "{E8697CB8-BEEB-436F-8224-5BD90E810640}"
EndProject
Project("{2150E333-8FDC-42A3-9474-1A3956D46DE8}") = "Network", "Network", "{107CB065-4CF0-4878-859E-2546FE201F63}"
EndProject
Project("{FAE04EC0-301F-11D3-BF4B-00C04F79EFBC}") = "Tests.NetworkServer", "Almirante.Tests\Tests.NetworkServer\Tests.NetworkServer.csproj", "{9B63E460-85CD-4A35-B90E-76CA92FA092E}"
EndProject
Project("{FAE04EC0-301F-11D3-BF4B-00C04F79EFBC}") = "Tests.NetworkProtocol", "Almirante.Tests\Tests.NetworkProtocol\Tests.NetworkProtocol.csproj", "{453B3E0F-B4F8-4A8E-B911-FA8EB273C555}"
EndProject
Project("{FAE04EC0-301F-11D3-BF4B-00C04F79EFBC}") = "Tests.NetworkClient", "Almirante.Tests\Tests.NetworkClient\Tests.NetworkClient\Tests.NetworkClient.csproj", "{658FB62B-D75D-4B04-BEA7-7373544628AB}"
EndProject
Project("{96E2B04D-8817-42C6-938A-82C39BA4D311}") = "Tests.NetworkClientContent", "Almirante.Tests\Tests.NetworkClient\Tests.NetworkClientContent\Tests.NetworkClientContent.contentproj", "{DA36E430-E509-4EAA-B7C7-01BA6DC94CE8}"
EndProject
Global
	GlobalSection(SolutionConfigurationPlatforms) = preSolution
		Debug|x86 = Debug|x86
		Release|x86 = Release|x86
	EndGlobalSection
	GlobalSection(ProjectConfigurationPlatforms) = postSolution
		{36078C0C-9762-4D98-8A61-FD6CFA41A5A6}.Debug|x86.ActiveCfg = Debug|x86
		{36078C0C-9762-4D98-8A61-FD6CFA41A5A6}.Debug|x86.Build.0 = Debug|x86
		{36078C0C-9762-4D98-8A61-FD6CFA41A5A6}.Release|x86.ActiveCfg = Release|x86
		{36078C0C-9762-4D98-8A61-FD6CFA41A5A6}.Release|x86.Build.0 = Release|x86
		{DEC09BBB-F8AD-4C92-8B9D-32C60A0804F4}.Debug|x86.ActiveCfg = Debug|x86
		{DEC09BBB-F8AD-4C92-8B9D-32C60A0804F4}.Debug|x86.Build.0 = Debug|x86
		{DEC09BBB-F8AD-4C92-8B9D-32C60A0804F4}.Release|x86.ActiveCfg = Release|x86
		{DEC09BBB-F8AD-4C92-8B9D-32C60A0804F4}.Release|x86.Build.0 = Release|x86
		{FB36620D-E492-42AB-996D-EE7C72B14BCE}.Debug|x86.ActiveCfg = Debug|x86
		{FB36620D-E492-42AB-996D-EE7C72B14BCE}.Debug|x86.Build.0 = Debug|x86
		{FB36620D-E492-42AB-996D-EE7C72B14BCE}.Release|x86.ActiveCfg = Release|x86
		{8A3DE54F-9097-4FC2-A4FF-C5D27E7C3137}.Debug|x86.ActiveCfg = Debug|x86
		{8A3DE54F-9097-4FC2-A4FF-C5D27E7C3137}.Release|x86.ActiveCfg = Release|x86
		{F09F6760-1401-4AB2-A4AA-9BBADFC8A3E7}.Debug|x86.ActiveCfg = Debug|x86
		{F09F6760-1401-4AB2-A4AA-9BBADFC8A3E7}.Debug|x86.Build.0 = Debug|x86
		{F09F6760-1401-4AB2-A4AA-9BBADFC8A3E7}.Release|x86.ActiveCfg = Release|x86
		{5D8E39EB-9ACF-446D-87A1-7476AAF97D35}.Debug|x86.ActiveCfg = Debug|x86
		{5D8E39EB-9ACF-446D-87A1-7476AAF97D35}.Release|x86.ActiveCfg = Release|x86
		{35505302-4810-415C-9926-EAC703B3A63A}.Debug|x86.ActiveCfg = Debug|x86
		{35505302-4810-415C-9926-EAC703B3A63A}.Debug|x86.Build.0 = Debug|x86
		{35505302-4810-415C-9926-EAC703B3A63A}.Release|x86.ActiveCfg = Release|x86
		{DB187A56-D745-434E-B7CA-69A388D9C53D}.Debug|x86.ActiveCfg = Debug|x86
		{DB187A56-D745-434E-B7CA-69A388D9C53D}.Release|x86.ActiveCfg = Release|x86
		{FD22C70D-3327-4DBB-8E91-D5B7204E0B8D}.Debug|x86.ActiveCfg = Debug|x86
		{FD22C70D-3327-4DBB-8E91-D5B7204E0B8D}.Debug|x86.Build.0 = Debug|x86
		{FD22C70D-3327-4DBB-8E91-D5B7204E0B8D}.Release|x86.ActiveCfg = Release|x86
		{477DCFC1-01BD-4CCA-A614-776423FA02F5}.Debug|x86.ActiveCfg = Debug|x86
		{477DCFC1-01BD-4CCA-A614-776423FA02F5}.Release|x86.ActiveCfg = Release|x86
		{E1084850-4E8D-481A-8969-2ABF598B6050}.Debug|x86.ActiveCfg = Debug|x86
		{E1084850-4E8D-481A-8969-2ABF598B6050}.Debug|x86.Build.0 = Debug|x86
		{E1084850-4E8D-481A-8969-2ABF598B6050}.Release|x86.ActiveCfg = Release|x86
		{9DD60C3A-C1CE-4407-9BDF-1F43B7AF27E4}.Debug|x86.ActiveCfg = Debug|x86
		{9DD60C3A-C1CE-4407-9BDF-1F43B7AF27E4}.Release|x86.ActiveCfg = Release|x86
		{24EDA4BE-5FCB-4184-9C31-CC994EB407FC}.Debug|x86.ActiveCfg = Debug|x86
		{24EDA4BE-5FCB-4184-9C31-CC994EB407FC}.Debug|x86.Build.0 = Debug|x86
		{24EDA4BE-5FCB-4184-9C31-CC994EB407FC}.Release|x86.ActiveCfg = Release|x86
		{5AC25866-D0D5-4E8E-B0F1-87CD23F8C8DE}.Debug|x86.ActiveCfg = Debug|x86
		{5AC25866-D0D5-4E8E-B0F1-87CD23F8C8DE}.Release|x86.ActiveCfg = Release|x86
		{E1050AD9-7BEE-49F3-8A8D-5C70BFF4FB7E}.Debug|x86.ActiveCfg = Debug|x86
		{E1050AD9-7BEE-49F3-8A8D-5C70BFF4FB7E}.Debug|x86.Build.0 = Debug|x86
		{E1050AD9-7BEE-49F3-8A8D-5C70BFF4FB7E}.Release|x86.ActiveCfg = Release|x86
		{E1050AD9-7BEE-49F3-8A8D-5C70BFF4FB7E}.Release|x86.Build.0 = Release|x86
		{B906F9F8-DE9E-45CD-9701-AD253AFB1F8E}.Debug|x86.ActiveCfg = Debug|x86
		{B906F9F8-DE9E-45CD-9701-AD253AFB1F8E}.Debug|x86.Build.0 = Debug|x86
		{B906F9F8-DE9E-45CD-9701-AD253AFB1F8E}.Release|x86.ActiveCfg = Release|x86
		{CEFC4FBA-1573-4512-B6D1-5E5DF8372890}.Debug|x86.ActiveCfg = Debug|x86
		{CEFC4FBA-1573-4512-B6D1-5E5DF8372890}.Debug|x86.Build.0 = Debug|x86
		{CEFC4FBA-1573-4512-B6D1-5E5DF8372890}.Release|x86.ActiveCfg = Release|x86
		{03E11B09-2E11-42FC-A0C2-D7483382E83A}.Debug|x86.ActiveCfg = Debug|x86
		{03E11B09-2E11-42FC-A0C2-D7483382E83A}.Release|x86.ActiveCfg = Release|x86
		{8926F5AD-418F-420B-BE75-3713BE77EF92}.Debug|x86.ActiveCfg = Debug|x86
		{8926F5AD-418F-420B-BE75-3713BE77EF92}.Debug|x86.Build.0 = Debug|x86
		{8926F5AD-418F-420B-BE75-3713BE77EF92}.Release|x86.ActiveCfg = Release|x86
		{F54345BB-E722-48D5-B7EB-805E9422541F}.Debug|x86.ActiveCfg = Debug|x86
		{F54345BB-E722-48D5-B7EB-805E9422541F}.Debug|x86.Build.0 = Debug|x86
		{F54345BB-E722-48D5-B7EB-805E9422541F}.Release|x86.ActiveCfg = Release|x86
		{F54345BB-E722-48D5-B7EB-805E9422541F}.Release|x86.Build.0 = Release|x86
		{CC36F056-DC0E-401E-A954-2FA57915ACC3}.Debug|x86.ActiveCfg = Debug|x86
		{CC36F056-DC0E-401E-A954-2FA57915ACC3}.Debug|x86.Build.0 = Debug|x86
		{CC36F056-DC0E-401E-A954-2FA57915ACC3}.Release|x86.ActiveCfg = Release|x86
		{CC36F056-DC0E-401E-A954-2FA57915ACC3}.Release|x86.Build.0 = Release|x86
		{B1ECE689-476A-4FCD-9478-442F7792E2EE}.Debug|x86.ActiveCfg = Debug|x86
		{B1ECE689-476A-4FCD-9478-442F7792E2EE}.Debug|x86.Build.0 = Debug|x86
		{B1ECE689-476A-4FCD-9478-442F7792E2EE}.Release|x86.ActiveCfg = Release|x86
		{B1ECE689-476A-4FCD-9478-442F7792E2EE}.Release|x86.Build.0 = Release|x86
		{F9036005-E1BE-40CE-A10E-7E64E332979C}.Debug|x86.ActiveCfg = Debug|x86
		{F9036005-E1BE-40CE-A10E-7E64E332979C}.Debug|x86.Build.0 = Debug|x86
		{F9036005-E1BE-40CE-A10E-7E64E332979C}.Release|x86.ActiveCfg = Release|x86
		{F9036005-E1BE-40CE-A10E-7E64E332979C}.Release|x86.Build.0 = Release|x86
		{9B63E460-85CD-4A35-B90E-76CA92FA092E}.Debug|x86.ActiveCfg = Debug|x86
		{9B63E460-85CD-4A35-B90E-76CA92FA092E}.Debug|x86.Build.0 = Debug|x86
		{9B63E460-85CD-4A35-B90E-76CA92FA092E}.Release|x86.ActiveCfg = Release|x86
		{453B3E0F-B4F8-4A8E-B911-FA8EB273C555}.Debug|x86.ActiveCfg = Debug|x86
		{453B3E0F-B4F8-4A8E-B911-FA8EB273C555}.Debug|x86.Build.0 = Debug|x86
		{453B3E0F-B4F8-4A8E-B911-FA8EB273C555}.Release|x86.ActiveCfg = Release|x86
		{658FB62B-D75D-4B04-BEA7-7373544628AB}.Debug|x86.ActiveCfg = Debug|x86
		{658FB62B-D75D-4B04-BEA7-7373544628AB}.Debug|x86.Build.0 = Debug|x86
		{658FB62B-D75D-4B04-BEA7-7373544628AB}.Release|x86.ActiveCfg = Release|x86
		{658FB62B-D75D-4B04-BEA7-7373544628AB}.Release|x86.Build.0 = Release|x86
		{DA36E430-E509-4EAA-B7C7-01BA6DC94CE8}.Debug|x86.ActiveCfg = Debug|x86
		{DA36E430-E509-4EAA-B7C7-01BA6DC94CE8}.Release|x86.ActiveCfg = Release|x86
	EndGlobalSection
	GlobalSection(SolutionProperties) = preSolution
		HideSolutionNode = FALSE
	EndGlobalSection
	GlobalSection(NestedProjects) = preSolution
		{DEC09BBB-F8AD-4C92-8B9D-32C60A0804F4} = {E3645545-2846-4AD4-832D-0F9FB416D017}
		{36078C0C-9762-4D98-8A61-FD6CFA41A5A6} = {E3645545-2846-4AD4-832D-0F9FB416D017}
		{E1050AD9-7BEE-49F3-8A8D-5C70BFF4FB7E} = {E3645545-2846-4AD4-832D-0F9FB416D017}
		{F9036005-E1BE-40CE-A10E-7E64E332979C} = {E3645545-2846-4AD4-832D-0F9FB416D017}
		{E8697CB8-BEEB-436F-8224-5BD90E810640} = {F2727DB4-0938-4EA0-8514-7247CCB5A09D}
		{107CB065-4CF0-4878-859E-2546FE201F63} = {F2727DB4-0938-4EA0-8514-7247CCB5A09D}
		{8A3DE54F-9097-4FC2-A4FF-C5D27E7C3137} = {E8697CB8-BEEB-436F-8224-5BD90E810640}
		{F09F6760-1401-4AB2-A4AA-9BBADFC8A3E7} = {E8697CB8-BEEB-436F-8224-5BD90E810640}
		{5D8E39EB-9ACF-446D-87A1-7476AAF97D35} = {E8697CB8-BEEB-436F-8224-5BD90E810640}
		{35505302-4810-415C-9926-EAC703B3A63A} = {E8697CB8-BEEB-436F-8224-5BD90E810640}
		{DB187A56-D745-434E-B7CA-69A388D9C53D} = {E8697CB8-BEEB-436F-8224-5BD90E810640}
		{FD22C70D-3327-4DBB-8E91-D5B7204E0B8D} = {E8697CB8-BEEB-436F-8224-5BD90E810640}
		{477DCFC1-01BD-4CCA-A614-776423FA02F5} = {E8697CB8-BEEB-436F-8224-5BD90E810640}
		{E1084850-4E8D-481A-8969-2ABF598B6050} = {E8697CB8-BEEB-436F-8224-5BD90E810640}
		{9DD60C3A-C1CE-4407-9BDF-1F43B7AF27E4} = {E8697CB8-BEEB-436F-8224-5BD90E810640}
		{24EDA4BE-5FCB-4184-9C31-CC994EB407FC} = {E8697CB8-BEEB-436F-8224-5BD90E810640}
		{5AC25866-D0D5-4E8E-B0F1-87CD23F8C8DE} = {E8697CB8-BEEB-436F-8224-5BD90E810640}
		{B906F9F8-DE9E-45CD-9701-AD253AFB1F8E} = {E8697CB8-BEEB-436F-8224-5BD90E810640}
		{CEFC4FBA-1573-4512-B6D1-5E5DF8372890} = {E8697CB8-BEEB-436F-8224-5BD90E810640}
		{03E11B09-2E11-42FC-A0C2-D7483382E83A} = {E8697CB8-BEEB-436F-8224-5BD90E810640}
		{8926F5AD-418F-420B-BE75-3713BE77EF92} = {E8697CB8-BEEB-436F-8224-5BD90E810640}
		{FB36620D-E492-42AB-996D-EE7C72B14BCE} = {E8697CB8-BEEB-436F-8224-5BD90E810640}
		{F54345BB-E722-48D5-B7EB-805E9422541F} = {B716E3C3-D6D3-4BD4-B402-536B3EAA77A7}
		{CC36F056-DC0E-401E-A954-2FA57915ACC3} = {B716E3C3-D6D3-4BD4-B402-536B3EAA77A7}
		{B1ECE689-476A-4FCD-9478-442F7792E2EE} = {B716E3C3-D6D3-4BD4-B402-536B3EAA77A7}
		{9B63E460-85CD-4A35-B90E-76CA92FA092E} = {107CB065-4CF0-4878-859E-2546FE201F63}
		{453B3E0F-B4F8-4A8E-B911-FA8EB273C555} = {107CB065-4CF0-4878-859E-2546FE201F63}
		{658FB62B-D75D-4B04-BEA7-7373544628AB} = {107CB065-4CF0-4878-859E-2546FE201F63}
		{DA36E430-E509-4EAA-B7C7-01BA6DC94CE8} = {107CB065-4CF0-4878-859E-2546FE201F63}
	EndGlobalSection
EndGlobal
